
Microsoft Visual Studio Solution File, Format Version 12.00
# Visual Studio Version 16
VisualStudioVersion = 16.0.31005.135
MinimumVisualStudioVersion = 10.0.40219.1
Project("{2150E333-8FDC-42A3-9474-1A3956D46DE8}") = "UI", "UI", "{16F77E41-A80F-4BF2-9610-AFB3AAA975E3}"
EndProject
Project("{2150E333-8FDC-42A3-9474-1A3956D46DE8}") = "DI", "DI", "{5602FA77-B861-4A58-9F45-0B5AB9B158C0}"
EndProject
Project("{2150E333-8FDC-42A3-9474-1A3956D46DE8}") = "Domain", "Domain", "{9E5D307D-8DE4-4B1A-93CF-0E77E5322E8F}"
EndProject
Project("{2150E333-8FDC-42A3-9474-1A3956D46DE8}") = "Infrastructure", "Infrastructure", "{919EAECF-CD6F-4DFD-919E-95F386A8CB20}"
EndProject
Project("{FAE04EC0-301F-11D3-BF4B-00C04F79EFBC}") = "PatronatGroup", "PatronatGroup\PatronatGroup.csproj", "{B66C5C07-7FEB-43B0-ACFA-9EF0C7A707F4}"
	ProjectSection(ProjectDependencies) = postProject
		{79FBE0B9-1BBE-42FA-92A7-736044EA3A07} = {79FBE0B9-1BBE-42FA-92A7-736044EA3A07}
	EndProjectSection
EndProject
Project("{FAE04EC0-301F-11D3-BF4B-00C04F79EFBC}") = "PatronatGroup.EntityFramework", "PatronatGroup.EntityFramework\PatronatGroup.EntityFramework.csproj", "{9D452AD2-37CF-42C1-8A5D-66D8AF257399}"
	ProjectSection(ProjectDependencies) = postProject
		{EBFDABB1-21CF-4FF6-9209-6BC5D5748951} = {EBFDABB1-21CF-4FF6-9209-6BC5D5748951}
		{82A1B9E6-9917-41F8-BD95-B461D34075D7} = {82A1B9E6-9917-41F8-BD95-B461D34075D7}
	EndProjectSection
EndProject
Project("{FAE04EC0-301F-11D3-BF4B-00C04F79EFBC}") = "PatronatGroup.DI", "PatronatGroup.DI\PatronatGroup.DI.csproj", "{A7286F0B-58D9-437E-981E-0E798DF8106C}"
	ProjectSection(ProjectDependencies) = postProject
		{30877A75-8A16-4C00-ADBB-EAAF302DE256} = {30877A75-8A16-4C00-ADBB-EAAF302DE256}
		{EBFDABB1-21CF-4FF6-9209-6BC5D5748951} = {EBFDABB1-21CF-4FF6-9209-6BC5D5748951}
		{79FBE0B9-1BBE-42FA-92A7-736044EA3A07} = {79FBE0B9-1BBE-42FA-92A7-736044EA3A07}
		{9D452AD2-37CF-42C1-8A5D-66D8AF257399} = {9D452AD2-37CF-42C1-8A5D-66D8AF257399}
		{82A1B9E6-9917-41F8-BD95-B461D34075D7} = {82A1B9E6-9917-41F8-BD95-B461D34075D7}
	EndProjectSection
EndProject
Project("{FAE04EC0-301F-11D3-BF4B-00C04F79EFBC}") = "PatronatGroup.Common", "PatronatGroup.Common\PatronatGroup.Common.csproj", "{EBFDABB1-21CF-4FF6-9209-6BC5D5748951}"
EndProject
Project("{FAE04EC0-301F-11D3-BF4B-00C04F79EFBC}") = "PatronatGroup.Facades", "PatronatGroup.Facades\PatronatGroup.Facades.csproj", "{30877A75-8A16-4C00-ADBB-EAAF302DE256}"
	ProjectSection(ProjectDependencies) = postProject
		{EBFDABB1-21CF-4FF6-9209-6BC5D5748951} = {EBFDABB1-21CF-4FF6-9209-6BC5D5748951}
		{79FBE0B9-1BBE-42FA-92A7-736044EA3A07} = {79FBE0B9-1BBE-42FA-92A7-736044EA3A07}
		{82A1B9E6-9917-41F8-BD95-B461D34075D7} = {82A1B9E6-9917-41F8-BD95-B461D34075D7}
	EndProjectSection
EndProject
Project("{FAE04EC0-301F-11D3-BF4B-00C04F79EFBC}") = "PatronatGroup.Interfaces.Facades", "PatronatGroup.Interfaces.Facades\PatronatGroup.Interfaces.Facades.csproj", "{79FBE0B9-1BBE-42FA-92A7-736044EA3A07}"
	ProjectSection(ProjectDependencies) = postProject
		{EBFDABB1-21CF-4FF6-9209-6BC5D5748951} = {EBFDABB1-21CF-4FF6-9209-6BC5D5748951}
	EndProjectSection
EndProject
Project("{FAE04EC0-301F-11D3-BF4B-00C04F79EFBC}") = "PatronatGroup.Interfaces.Infrastructure", "PatronatGroup.Interfaces.Infrastrukture\PatronatGroup.Interfaces.Infrastructure.csproj", "{82A1B9E6-9917-41F8-BD95-B461D34075D7}"
	ProjectSection(ProjectDependencies) = postProject
		{EBFDABB1-21CF-4FF6-9209-6BC5D5748951} = {EBFDABB1-21CF-4FF6-9209-6BC5D5748951}
	EndProjectSection
EndProject
Global
	GlobalSection(SolutionConfigurationPlatforms) = preSolution
		Debug|Any CPU = Debug|Any CPU
		Release|Any CPU = Release|Any CPU
	EndGlobalSection
	GlobalSection(ProjectConfigurationPlatforms) = postSolution
		{B66C5C07-7FEB-43B0-ACFA-9EF0C7A707F4}.Debug|Any CPU.ActiveCfg = Debug|Any CPU
		{B66C5C07-7FEB-43B0-ACFA-9EF0C7A707F4}.Debug|Any CPU.Build.0 = Debug|Any CPU
		{B66C5C07-7FEB-43B0-ACFA-9EF0C7A707F4}.Release|Any CPU.ActiveCfg = Release|Any CPU
		{B66C5C07-7FEB-43B0-ACFA-9EF0C7A707F4}.Release|Any CPU.Build.0 = Release|Any CPU
		{9D452AD2-37CF-42C1-8A5D-66D8AF257399}.Debug|Any CPU.ActiveCfg = Debug|Any CPU
		{9D452AD2-37CF-42C1-8A5D-66D8AF257399}.Debug|Any CPU.Build.0 = Debug|Any CPU
		{9D452AD2-37CF-42C1-8A5D-66D8AF257399}.Release|Any CPU.ActiveCfg = Release|Any CPU
		{9D452AD2-37CF-42C1-8A5D-66D8AF257399}.Release|Any CPU.Build.0 = Release|Any CPU
		{A7286F0B-58D9-437E-981E-0E798DF8106C}.Debug|Any CPU.ActiveCfg = Debug|Any CPU
		{A7286F0B-58D9-437E-981E-0E798DF8106C}.Debug|Any CPU.Build.0 = Debug|Any CPU
		{A7286F0B-58D9-437E-981E-0E798DF8106C}.Release|Any CPU.ActiveCfg = Release|Any CPU
		{A7286F0B-58D9-437E-981E-0E798DF8106C}.Release|Any CPU.Build.0 = Release|Any CPU
		{EBFDABB1-21CF-4FF6-9209-6BC5D5748951}.Debug|Any CPU.ActiveCfg = Debug|Any CPU
		{EBFDABB1-21CF-4FF6-9209-6BC5D5748951}.Debug|Any CPU.Build.0 = Debug|Any CPU
		{EBFDABB1-21CF-4FF6-9209-6BC5D5748951}.Release|Any CPU.ActiveCfg = Release|Any CPU
		{EBFDABB1-21CF-4FF6-9209-6BC5D5748951}.Release|Any CPU.Build.0 = Release|Any CPU
		{30877A75-8A16-4C00-ADBB-EAAF302DE256}.Debug|Any CPU.ActiveCfg = Debug|Any CPU
		{30877A75-8A16-4C00-ADBB-EAAF302DE256}.Debug|Any CPU.Build.0 = Debug|Any CPU
		{30877A75-8A16-4C00-ADBB-EAAF302DE256}.Release|Any CPU.ActiveCfg = Release|Any CPU
		{30877A75-8A16-4C00-ADBB-EAAF302DE256}.Release|Any CPU.Build.0 = Release|Any CPU
		{79FBE0B9-1BBE-42FA-92A7-736044EA3A07}.Debug|Any CPU.ActiveCfg = Debug|Any CPU
		{79FBE0B9-1BBE-42FA-92A7-736044EA3A07}.Debug|Any CPU.Build.0 = Debug|Any CPU
		{79FBE0B9-1BBE-42FA-92A7-736044EA3A07}.Release|Any CPU.ActiveCfg = Release|Any CPU
		{79FBE0B9-1BBE-42FA-92A7-736044EA3A07}.Release|Any CPU.Build.0 = Release|Any CPU
		{82A1B9E6-9917-41F8-BD95-B461D34075D7}.Debug|Any CPU.ActiveCfg = Debug|Any CPU
		{82A1B9E6-9917-41F8-BD95-B461D34075D7}.Debug|Any CPU.Build.0 = Debug|Any CPU
		{82A1B9E6-9917-41F8-BD95-B461D34075D7}.Release|Any CPU.ActiveCfg = Release|Any CPU
		{82A1B9E6-9917-41F8-BD95-B461D34075D7}.Release|Any CPU.Build.0 = Release|Any CPU
	EndGlobalSection
	GlobalSection(SolutionProperties) = preSolution
		HideSolutionNode = FALSE
	EndGlobalSection
	GlobalSection(NestedProjects) = preSolution
		{B66C5C07-7FEB-43B0-ACFA-9EF0C7A707F4} = {16F77E41-A80F-4BF2-9610-AFB3AAA975E3}
		{9D452AD2-37CF-42C1-8A5D-66D8AF257399} = {919EAECF-CD6F-4DFD-919E-95F386A8CB20}
		{A7286F0B-58D9-437E-981E-0E798DF8106C} = {5602FA77-B861-4A58-9F45-0B5AB9B158C0}
		{EBFDABB1-21CF-4FF6-9209-6BC5D5748951} = {9E5D307D-8DE4-4B1A-93CF-0E77E5322E8F}
		{30877A75-8A16-4C00-ADBB-EAAF302DE256} = {9E5D307D-8DE4-4B1A-93CF-0E77E5322E8F}
		{79FBE0B9-1BBE-42FA-92A7-736044EA3A07} = {9E5D307D-8DE4-4B1A-93CF-0E77E5322E8F}
		{82A1B9E6-9917-41F8-BD95-B461D34075D7} = {9E5D307D-8DE4-4B1A-93CF-0E77E5322E8F}
	EndGlobalSection
	GlobalSection(ExtensibilityGlobals) = postSolution
		SolutionGuid = {4047C7C5-2DAE-4EF3-A0CF-DFD139C8EE97}
	EndGlobalSection
EndGlobal
